
Microsoft Visual Studio Solution File, Format Version 12.00
# Visual Studio Version 17
VisualStudioVersion = 17.11.35222.181
MinimumVisualStudioVersion = 10.0.40219.1
Project("{FAE04EC0-301F-11D3-BF4B-00C04F79EFBC}") = "reporteria-ice-api", "reporteria-ice-api.csproj", "{0716DD2D-9491-47AA-9C33-AF0EE9789D7B}"
EndProject
Project("{FAE04EC0-301F-11D3-BF4B-00C04F79EFBC}") = "ICE.Capa_Dominio", "..\ICE.Capa_Negocios\ICE.Capa_Dominio.csproj", "{8D0CB677-6CBF-44CF-A351-664F267EC166}"
EndProject
Project("{FAE04EC0-301F-11D3-BF4B-00C04F79EFBC}") = "ICE.Capa_Negocios", "..\ICE.Capa_Logica\ICE.Capa_Negocios.csproj", "{40EE5CEA-3ED1-48FD-95F9-ECBE622E89A8}"
EndProject
Project("{FAE04EC0-301F-11D3-BF4B-00C04F79EFBC}") = "ICE.Capa_Datos", "..\ICE.Capa_Datos\ICE.Capa_Datos.csproj", "{0AB1AFB1-BD23-4D82-87E2-D102880FB1CC}"
EndProject
Project("{FAE04EC0-301F-11D3-BF4B-00C04F79EFBC}") = "ICE.Capa_Integracion", "..\Capa_Integracion\ICE.Capa_Integracion.csproj", "{57B4CCA0-3164-49BC-9A17-4F0C362BCF01}"
EndProject
Global
	GlobalSection(SolutionConfigurationPlatforms) = preSolution
		Debug|Any CPU = Debug|Any CPU
		Release|Any CPU = Release|Any CPU
	EndGlobalSection
	GlobalSection(ProjectConfigurationPlatforms) = postSolution
		{0716DD2D-9491-47AA-9C33-AF0EE9789D7B}.Debug|Any CPU.ActiveCfg = Debug|Any CPU
		{0716DD2D-9491-47AA-9C33-AF0EE9789D7B}.Debug|Any CPU.Build.0 = Debug|Any CPU
		{0716DD2D-9491-47AA-9C33-AF0EE9789D7B}.Release|Any CPU.ActiveCfg = Release|Any CPU
		{0716DD2D-9491-47AA-9C33-AF0EE9789D7B}.Release|Any CPU.Build.0 = Release|Any CPU
		{8D0CB677-6CBF-44CF-A351-664F267EC166}.Debug|Any CPU.ActiveCfg = Debug|Any CPU
		{8D0CB677-6CBF-44CF-A351-664F267EC166}.Debug|Any CPU.Build.0 = Debug|Any CPU
		{8D0CB677-6CBF-44CF-A351-664F267EC166}.Release|Any CPU.ActiveCfg = Release|Any CPU
		{8D0CB677-6CBF-44CF-A351-664F267EC166}.Release|Any CPU.Build.0 = Release|Any CPU
		{40EE5CEA-3ED1-48FD-95F9-ECBE622E89A8}.Debug|Any CPU.ActiveCfg = Debug|Any CPU
		{40EE5CEA-3ED1-48FD-95F9-ECBE622E89A8}.Debug|Any CPU.Build.0 = Debug|Any CPU
		{40EE5CEA-3ED1-48FD-95F9-ECBE622E89A8}.Release|Any CPU.ActiveCfg = Release|Any CPU
		{40EE5CEA-3ED1-48FD-95F9-ECBE622E89A8}.Release|Any CPU.Build.0 = Release|Any CPU
		{0AB1AFB1-BD23-4D82-87E2-D102880FB1CC}.Debug|Any CPU.ActiveCfg = Debug|Any CPU
		{0AB1AFB1-BD23-4D82-87E2-D102880FB1CC}.Debug|Any CPU.Build.0 = Debug|Any CPU
		{0AB1AFB1-BD23-4D82-87E2-D102880FB1CC}.Release|Any CPU.ActiveCfg = Release|Any CPU
		{0AB1AFB1-BD23-4D82-87E2-D102880FB1CC}.Release|Any CPU.Build.0 = Release|Any CPU
		{57B4CCA0-3164-49BC-9A17-4F0C362BCF01}.Debug|Any CPU.ActiveCfg = Debug|Any CPU
		{57B4CCA0-3164-49BC-9A17-4F0C362BCF01}.Debug|Any CPU.Build.0 = Debug|Any CPU
		{57B4CCA0-3164-49BC-9A17-4F0C362BCF01}.Release|Any CPU.ActiveCfg = Release|Any CPU
		{57B4CCA0-3164-49BC-9A17-4F0C362BCF01}.Release|Any CPU.Build.0 = Release|Any CPU
	EndGlobalSection
	GlobalSection(SolutionProperties) = preSolution
		HideSolutionNode = FALSE
	EndGlobalSection
	GlobalSection(ExtensibilityGlobals) = postSolution
		SolutionGuid = {42BB9513-1C50-498F-9DA3-2DC330CFC718}
	EndGlobalSection
EndGlobal
